// !$*UTF8*$!
{
	archiveVersion = 1;
	classes = {
	};
	objectVersion = 50;
	objects = {

/* Begin PBXBuildFile section */
		FA3441CD2525E9D9003E7C17 /* AppDelegate.swift in Sources */ = {isa = PBXBuildFile; fileRef = FA3441CC2525E9D9003E7C17 /* AppDelegate.swift */; };
		FA3441CF2525E9D9003E7C17 /* SceneDelegate.swift in Sources */ = {isa = PBXBuildFile; fileRef = FA3441CE2525E9D9003E7C17 /* SceneDelegate.swift */; };
		FA3441D12525E9D9003E7C17 /* ViewController.swift in Sources */ = {isa = PBXBuildFile; fileRef = FA3441D02525E9D9003E7C17 /* ViewController.swift */; };
		FA3441D42525E9D9003E7C17 /* Main.storyboard in Resources */ = {isa = PBXBuildFile; fileRef = FA3441D22525E9D9003E7C17 /* Main.storyboard */; };
		FA3441D72525E9D9003E7C17 /* TrendingRepos.xcdatamodeld in Sources */ = {isa = PBXBuildFile; fileRef = FA3441D52525E9D9003E7C17 /* TrendingRepos.xcdatamodeld */; };
		FA3441D92525E9DB003E7C17 /* Assets.xcassets in Resources */ = {isa = PBXBuildFile; fileRef = FA3441D82525E9DB003E7C17 /* Assets.xcassets */; };
		FA3441DC2525E9DB003E7C17 /* LaunchScreen.storyboard in Resources */ = {isa = PBXBuildFile; fileRef = FA3441DA2525E9DB003E7C17 /* LaunchScreen.storyboard */; };
		FA3441E72525E9DB003E7C17 /* TrendingReposTests.swift in Sources */ = {isa = PBXBuildFile; fileRef = FA3441E62525E9DB003E7C17 /* TrendingReposTests.swift */; };
		FA3441F22525E9DB003E7C17 /* TrendingReposUITests.swift in Sources */ = {isa = PBXBuildFile; fileRef = FA3441F12525E9DB003E7C17 /* TrendingReposUITests.swift */; };
/* End PBXBuildFile section */

/* Begin PBXContainerItemProxy section */
		FA3441E32525E9DB003E7C17 /* PBXContainerItemProxy */ = {
			isa = PBXContainerItemProxy;
			containerPortal = FA3441C12525E9D9003E7C17 /* Project object */;
			proxyType = 1;
			remoteGlobalIDString = FA3441C82525E9D9003E7C17;
			remoteInfo = TrendingRepos;
		};
		FA3441EE2525E9DB003E7C17 /* PBXContainerItemProxy */ = {
			isa = PBXContainerItemProxy;
			containerPortal = FA3441C12525E9D9003E7C17 /* Project object */;
			proxyType = 1;
			remoteGlobalIDString = FA3441C82525E9D9003E7C17;
			remoteInfo = TrendingRepos;
		};
/* End PBXContainerItemProxy section */

/* Begin PBXFileReference section */
		FA3441C92525E9D9003E7C17 /* TrendingRepos.app */ = {isa = PBXFileReference; explicitFileType = wrapper.application; includeInIndex = 0; path = TrendingRepos.app; sourceTree = BUILT_PRODUCTS_DIR; };
		FA3441CC2525E9D9003E7C17 /* AppDelegate.swift */ = {isa = PBXFileReference; lastKnownFileType = sourcecode.swift; path = AppDelegate.swift; sourceTree = "<group>"; };
		FA3441CE2525E9D9003E7C17 /* SceneDelegate.swift */ = {isa = PBXFileReference; lastKnownFileType = sourcecode.swift; path = SceneDelegate.swift; sourceTree = "<group>"; };
		FA3441D02525E9D9003E7C17 /* ViewController.swift */ = {isa = PBXFileReference; lastKnownFileType = sourcecode.swift; path = ViewController.swift; sourceTree = "<group>"; };
		FA3441D32525E9D9003E7C17 /* Base */ = {isa = PBXFileReference; lastKnownFileType = file.storyboard; name = Base; path = Base.lproj/Main.storyboard; sourceTree = "<group>"; };
		FA3441D62525E9D9003E7C17 /* TrendingRepos.xcdatamodel */ = {isa = PBXFileReference; lastKnownFileType = wrapper.xcdatamodel; path = TrendingRepos.xcdatamodel; sourceTree = "<group>"; };
		FA3441D82525E9DB003E7C17 /* Assets.xcassets */ = {isa = PBXFileReference; lastKnownFileType = folder.assetcatalog; path = Assets.xcassets; sourceTree = "<group>"; };
		FA3441DB2525E9DB003E7C17 /* Base */ = {isa = PBXFileReference; lastKnownFileType = file.storyboard; name = Base; path = Base.lproj/LaunchScreen.storyboard; sourceTree = "<group>"; };
		FA3441DD2525E9DB003E7C17 /* Info.plist */ = {isa = PBXFileReference; lastKnownFileType = text.plist.xml; path = Info.plist; sourceTree = "<group>"; };
		FA3441E22525E9DB003E7C17 /* TrendingReposTests.xctest */ = {isa = PBXFileReference; explicitFileType = wrapper.cfbundle; includeInIndex = 0; path = TrendingReposTests.xctest; sourceTree = BUILT_PRODUCTS_DIR; };
		FA3441E62525E9DB003E7C17 /* TrendingReposTests.swift */ = {isa = PBXFileReference; lastKnownFileType = sourcecode.swift; path = TrendingReposTests.swift; sourceTree = "<group>"; };
		FA3441E82525E9DB003E7C17 /* Info.plist */ = {isa = PBXFileReference; lastKnownFileType = text.plist.xml; path = Info.plist; sourceTree = "<group>"; };
		FA3441ED2525E9DB003E7C17 /* TrendingReposUITests.xctest */ = {isa = PBXFileReference; explicitFileType = wrapper.cfbundle; includeInIndex = 0; path = TrendingReposUITests.xctest; sourceTree = BUILT_PRODUCTS_DIR; };
		FA3441F12525E9DB003E7C17 /* TrendingReposUITests.swift */ = {isa = PBXFileReference; lastKnownFileType = sourcecode.swift; path = TrendingReposUITests.swift; sourceTree = "<group>"; };
		FA3441F32525E9DB003E7C17 /* Info.plist */ = {isa = PBXFileReference; lastKnownFileType = text.plist.xml; path = Info.plist; sourceTree = "<group>"; };
/* End PBXFileReference section */

/* Begin PBXFrameworksBuildPhase section */
		FA3441C62525E9D9003E7C17 /* Frameworks */ = {
			isa = PBXFrameworksBuildPhase;
			buildActionMask = 2147483647;
			files = (
			);
			runOnlyForDeploymentPostprocessing = 0;
		};
		FA3441DF2525E9DB003E7C17 /* Frameworks */ = {
			isa = PBXFrameworksBuildPhase;
			buildActionMask = 2147483647;
			files = (
			);
			runOnlyForDeploymentPostprocessing = 0;
		};
		FA3441EA2525E9DB003E7C17 /* Frameworks */ = {
			isa = PBXFrameworksBuildPhase;
			buildActionMask = 2147483647;
			files = (
			);
			runOnlyForDeploymentPostprocessing = 0;
		};
/* End PBXFrameworksBuildPhase section */

/* Begin PBXGroup section */
		FA3441C02525E9D9003E7C17 = {
			isa = PBXGroup;
			children = (
				FA3441CB2525E9D9003E7C17 /* TrendingRepos */,
				FA3441E52525E9DB003E7C17 /* TrendingReposTests */,
				FA3441F02525E9DB003E7C17 /* TrendingReposUITests */,
				FA3441CA2525E9D9003E7C17 /* Products */,
			);
			sourceTree = "<group>";
		};
		FA3441CA2525E9D9003E7C17 /* Products */ = {
			isa = PBXGroup;
			children = (
				FA3441C92525E9D9003E7C17 /* TrendingRepos.app */,
				FA3441E22525E9DB003E7C17 /* TrendingReposTests.xctest */,
				FA3441ED2525E9DB003E7C17 /* TrendingReposUITests.xctest */,
			);
			name = Products;
			sourceTree = "<group>";
		};
		FA3441CB2525E9D9003E7C17 /* TrendingRepos */ = {
			isa = PBXGroup;
			children = (
				FA3441CC2525E9D9003E7C17 /* AppDelegate.swift */,
				FA3441CE2525E9D9003E7C17 /* SceneDelegate.swift */,
				FA3441D02525E9D9003E7C17 /* ViewController.swift */,
				FA3441D22525E9D9003E7C17 /* Main.storyboard */,
				FA3441D82525E9DB003E7C17 /* Assets.xcassets */,
				FA3441DA2525E9DB003E7C17 /* LaunchScreen.storyboard */,
				FA3441DD2525E9DB003E7C17 /* Info.plist */,
				FA3441D52525E9D9003E7C17 /* TrendingRepos.xcdatamodeld */,
			);
			path = TrendingRepos;
			sourceTree = "<group>";
		};
		FA3441E52525E9DB003E7C17 /* TrendingReposTests */ = {
			isa = PBXGroup;
			children = (
				FA3441E62525E9DB003E7C17 /* TrendingReposTests.swift */,
				FA3441E82525E9DB003E7C17 /* Info.plist */,
			);
			path = TrendingReposTests;
			sourceTree = "<group>";
		};
		FA3441F02525E9DB003E7C17 /* TrendingReposUITests */ = {
			isa = PBXGroup;
			children = (
				FA3441F12525E9DB003E7C17 /* TrendingReposUITests.swift */,
				FA3441F32525E9DB003E7C17 /* Info.plist */,
			);
			path = TrendingReposUITests;
			sourceTree = "<group>";
		};
/* End PBXGroup section */

/* Begin PBXNativeTarget section */
		FA3441C82525E9D9003E7C17 /* TrendingRepos */ = {
			isa = PBXNativeTarget;
			buildConfigurationList = FA3441F62525E9DB003E7C17 /* Build configuration list for PBXNativeTarget "TrendingRepos" */;
			buildPhases = (
				FA3441C52525E9D9003E7C17 /* Sources */,
				FA3441C62525E9D9003E7C17 /* Frameworks */,
				FA3441C72525E9D9003E7C17 /* Resources */,
			);
			buildRules = (
			);
			dependencies = (
			);
			name = TrendingRepos;
			productName = TrendingRepos;
			productReference = FA3441C92525E9D9003E7C17 /* TrendingRepos.app */;
			productType = "com.apple.product-type.application";
		};
		FA3441E12525E9DB003E7C17 /* TrendingReposTests */ = {
			isa = PBXNativeTarget;
			buildConfigurationList = FA3441F92525E9DB003E7C17 /* Build configuration list for PBXNativeTarget "TrendingReposTests" */;
			buildPhases = (
				FA3441DE2525E9DB003E7C17 /* Sources */,
				FA3441DF2525E9DB003E7C17 /* Frameworks */,
				FA3441E02525E9DB003E7C17 /* Resources */,
			);
			buildRules = (
			);
			dependencies = (
				FA3441E42525E9DB003E7C17 /* PBXTargetDependency */,
			);
			name = TrendingReposTests;
			productName = TrendingReposTests;
			productReference = FA3441E22525E9DB003E7C17 /* TrendingReposTests.xctest */;
			productType = "com.apple.product-type.bundle.unit-test";
		};
		FA3441EC2525E9DB003E7C17 /* TrendingReposUITests */ = {
			isa = PBXNativeTarget;
			buildConfigurationList = FA3441FC2525E9DB003E7C17 /* Build configuration list for PBXNativeTarget "TrendingReposUITests" */;
			buildPhases = (
				FA3441E92525E9DB003E7C17 /* Sources */,
				FA3441EA2525E9DB003E7C17 /* Frameworks */,
				FA3441EB2525E9DB003E7C17 /* Resources */,
			);
			buildRules = (
			);
			dependencies = (
				FA3441EF2525E9DB003E7C17 /* PBXTargetDependency */,
			);
			name = TrendingReposUITests;
			productName = TrendingReposUITests;
			productReference = FA3441ED2525E9DB003E7C17 /* TrendingReposUITests.xctest */;
			productType = "com.apple.product-type.bundle.ui-testing";
		};
/* End PBXNativeTarget section */

/* Begin PBXProject section */
		FA3441C12525E9D9003E7C17 /* Project object */ = {
			isa = PBXProject;
			attributes = {
				LastSwiftUpdateCheck = 1150;
				LastUpgradeCheck = 1150;
				ORGANIZATIONNAME = "Mohamed Ramadan";
				TargetAttributes = {
					FA3441C82525E9D9003E7C17 = {
						CreatedOnToolsVersion = 11.5;
					};
					FA3441E12525E9DB003E7C17 = {
						CreatedOnToolsVersion = 11.5;
						TestTargetID = FA3441C82525E9D9003E7C17;
					};
					FA3441EC2525E9DB003E7C17 = {
						CreatedOnToolsVersion = 11.5;
						TestTargetID = FA3441C82525E9D9003E7C17;
					};
				};
			};
			buildConfigurationList = FA3441C42525E9D9003E7C17 /* Build configuration list for PBXProject "TrendingRepos" */;
			compatibilityVersion = "Xcode 9.3";
			developmentRegion = en;
			hasScannedForEncodings = 0;
			knownRegions = (
				en,
				Base,
			);
			mainGroup = FA3441C02525E9D9003E7C17;
			productRefGroup = FA3441CA2525E9D9003E7C17 /* Products */;
			projectDirPath = "";
			projectRoot = "";
			targets = (
				FA3441C82525E9D9003E7C17 /* TrendingRepos */,
				FA3441E12525E9DB003E7C17 /* TrendingReposTests */,
				FA3441EC2525E9DB003E7C17 /* TrendingReposUITests */,
			);
		};
/* End PBXProject section */

/* Begin PBXResourcesBuildPhase section */
		FA3441C72525E9D9003E7C17 /* Resources */ = {
			isa = PBXResourcesBuildPhase;
			buildActionMask = 2147483647;
			files = (
				FA3441DC2525E9DB003E7C17 /* LaunchScreen.storyboard in Resources */,
				FA3441D92525E9DB003E7C17 /* Assets.xcassets in Resources */,
				FA3441D42525E9D9003E7C17 /* Main.storyboard in Resources */,
			);
			runOnlyForDeploymentPostprocessing = 0;
		};
		FA3441E02525E9DB003E7C17 /* Resources */ = {
			isa = PBXResourcesBuildPhase;
			buildActionMask = 2147483647;
			files = (
			);
			runOnlyForDeploymentPostprocessing = 0;
		};
		FA3441EB2525E9DB003E7C17 /* Resources */ = {
			isa = PBXResourcesBuildPhase;
			buildActionMask = 2147483647;
			files = (
			);
			runOnlyForDeploymentPostprocessing = 0;
		};
/* End PBXResourcesBuildPhase section */

/* Begin PBXSourcesBuildPhase section */
		FA3441C52525E9D9003E7C17 /* Sources */ = {
			isa = PBXSourcesBuildPhase;
			buildActionMask = 2147483647;
			files = (
				FA3441D12525E9D9003E7C17 /* ViewController.swift in Sources */,
				FA3441CD2525E9D9003E7C17 /* AppDelegate.swift in Sources */,
				FA3441D72525E9D9003E7C17 /* TrendingRepos.xcdatamodeld in Sources */,
				FA3441CF2525E9D9003E7C17 /* SceneDelegate.swift in Sources */,
			);
			runOnlyForDeploymentPostprocessing = 0;
		};
		FA3441DE2525E9DB003E7C17 /* Sources */ = {
			isa = PBXSourcesBuildPhase;
			buildActionMask = 2147483647;
			files = (
				FA3441E72525E9DB003E7C17 /* TrendingReposTests.swift in Sources */,
			);
			runOnlyForDeploymentPostprocessing = 0;
		};
		FA3441E92525E9DB003E7C17 /* Sources */ = {
			isa = PBXSourcesBuildPhase;
			buildActionMask = 2147483647;
			files = (
				FA3441F22525E9DB003E7C17 /* TrendingReposUITests.swift in Sources */,
			);
			runOnlyForDeploymentPostprocessing = 0;
		};
/* End PBXSourcesBuildPhase section */

/* Begin PBXTargetDependency section */
		FA3441E42525E9DB003E7C17 /* PBXTargetDependency */ = {
			isa = PBXTargetDependency;
			target = FA3441C82525E9D9003E7C17 /* TrendingRepos */;
			targetProxy = FA3441E32525E9DB003E7C17 /* PBXContainerItemProxy */;
		};
		FA3441EF2525E9DB003E7C17 /* PBXTargetDependency */ = {
			isa = PBXTargetDependency;
			target = FA3441C82525E9D9003E7C17 /* TrendingRepos */;
			targetProxy = FA3441EE2525E9DB003E7C17 /* PBXContainerItemProxy */;
		};
/* End PBXTargetDependency section */

/* Begin PBXVariantGroup section */
		FA3441D22525E9D9003E7C17 /* Main.storyboard */ = {
			isa = PBXVariantGroup;
			children = (
				FA3441D32525E9D9003E7C17 /* Base */,
			);
			name = Main.storyboard;
			sourceTree = "<group>";
		};
		FA3441DA2525E9DB003E7C17 /* LaunchScreen.storyboard */ = {
			isa = PBXVariantGroup;
			children = (
				FA3441DB2525E9DB003E7C17 /* Base */,
			);
			name = LaunchScreen.storyboard;
			sourceTree = "<group>";
		};
/* End PBXVariantGroup section */

/* Begin XCBuildConfiguration section */
		FA3441F42525E9DB003E7C17 /* Debug */ = {
			isa = XCBuildConfiguration;
			buildSettings = {
				ALWAYS_SEARCH_USER_PATHS = NO;
				CLANG_ANALYZER_NONNULL = YES;
				CLANG_ANALYZER_NUMBER_OBJECT_CONVERSION = YES_AGGRESSIVE;
				CLANG_CXX_LANGUAGE_STANDARD = "gnu++14";
				CLANG_CXX_LIBRARY = "libc++";
				CLANG_ENABLE_MODULES = YES;
				CLANG_ENABLE_OBJC_ARC = YES;
				CLANG_ENABLE_OBJC_WEAK = YES;
				CLANG_WARN_BLOCK_CAPTURE_AUTORELEASING = YES;
				CLANG_WARN_BOOL_CONVERSION = YES;
				CLANG_WARN_COMMA = YES;
				CLANG_WARN_CONSTANT_CONVERSION = YES;
				CLANG_WARN_DEPRECATED_OBJC_IMPLEMENTATIONS = YES;
				CLANG_WARN_DIRECT_OBJC_ISA_USAGE = YES_ERROR;
				CLANG_WARN_DOCUMENTATION_COMMENTS = YES;
				CLANG_WARN_EMPTY_BODY = YES;
				CLANG_WARN_ENUM_CONVERSION = YES;
				CLANG_WARN_INFINITE_RECURSION = YES;
				CLANG_WARN_INT_CONVERSION = YES;
				CLANG_WARN_NON_LITERAL_NULL_CONVERSION = YES;
				CLANG_WARN_OBJC_IMPLICIT_RETAIN_SELF = YES;
				CLANG_WARN_OBJC_LITERAL_CONVERSION = YES;
				CLANG_WARN_OBJC_ROOT_CLASS = YES_ERROR;
				CLANG_WARN_RANGE_LOOP_ANALYSIS = YES;
				CLANG_WARN_STRICT_PROTOTYPES = YES;
				CLANG_WARN_SUSPICIOUS_MOVE = YES;
				CLANG_WARN_UNGUARDED_AVAILABILITY = YES_AGGRESSIVE;
				CLANG_WARN_UNREACHABLE_CODE = YES;
				CLANG_WARN__DUPLICATE_METHOD_MATCH = YES;
				COPY_PHASE_STRIP = NO;
				DEBUG_INFORMATION_FORMAT = dwarf;
				ENABLE_STRICT_OBJC_MSGSEND = YES;
				ENABLE_TESTABILITY = YES;
				GCC_C_LANGUAGE_STANDARD = gnu11;
				GCC_DYNAMIC_NO_PIC = NO;
				GCC_NO_COMMON_BLOCKS = YES;
				GCC_OPTIMIZATION_LEVEL = 0;
				GCC_PREPROCESSOR_DEFINITIONS = (
					"DEBUG=1",
					"$(inherited)",
				);
				GCC_WARN_64_TO_32_BIT_CONVERSION = YES;
				GCC_WARN_ABOUT_RETURN_TYPE = YES_ERROR;
				GCC_WARN_UNDECLARED_SELECTOR = YES;
				GCC_WARN_UNINITIALIZED_AUTOS = YES_AGGRESSIVE;
				GCC_WARN_UNUSED_FUNCTION = YES;
				GCC_WARN_UNUSED_VARIABLE = YES;
				IPHONEOS_DEPLOYMENT_TARGET = 13.5;
				MTL_ENABLE_DEBUG_INFO = INCLUDE_SOURCE;
				MTL_FAST_MATH = YES;
				ONLY_ACTIVE_ARCH = YES;
				SDKROOT = iphoneos;
				SWIFT_ACTIVE_COMPILATION_CONDITIONS = DEBUG;
				SWIFT_OPTIMIZATION_LEVEL = "-Onone";
			};
			name = Debug;
		};
		FA3441F52525E9DB003E7C17 /* Release */ = {
			isa = XCBuildConfiguration;
			buildSettings = {
				ALWAYS_SEARCH_USER_PATHS = NO;
				CLANG_ANALYZER_NONNULL = YES;
				CLANG_ANALYZER_NUMBER_OBJECT_CONVERSION = YES_AGGRESSIVE;
				CLANG_CXX_LANGUAGE_STANDARD = "gnu++14";
				CLANG_CXX_LIBRARY = "libc++";
				CLANG_ENABLE_MODULES = YES;
				CLANG_ENABLE_OBJC_ARC = YES;
				CLANG_ENABLE_OBJC_WEAK = YES;
				CLANG_WARN_BLOCK_CAPTURE_AUTORELEASING = YES;
				CLANG_WARN_BOOL_CONVERSION = YES;
				CLANG_WARN_COMMA = YES;
				CLANG_WARN_CONSTANT_CONVERSION = YES;
				CLANG_WARN_DEPRECATED_OBJC_IMPLEMENTATIONS = YES;
				CLANG_WARN_DIRECT_OBJC_ISA_USAGE = YES_ERROR;
				CLANG_WARN_DOCUMENTATION_COMMENTS = YES;
				CLANG_WARN_EMPTY_BODY = YES;
				CLANG_WARN_ENUM_CONVERSION = YES;
				CLANG_WARN_INFINITE_RECURSION = YES;
				CLANG_WARN_INT_CONVERSION = YES;
				CLANG_WARN_NON_LITERAL_NULL_CONVERSION = YES;
				CLANG_WARN_OBJC_IMPLICIT_RETAIN_SELF = YES;
				CLANG_WARN_OBJC_LITERAL_CONVERSION = YES;
				CLANG_WARN_OBJC_ROOT_CLASS = YES_ERROR;
				CLANG_WARN_RANGE_LOOP_ANALYSIS = YES;
				CLANG_WARN_STRICT_PROTOTYPES = YES;
				CLANG_WARN_SUSPICIOUS_MOVE = YES;
				CLANG_WARN_UNGUARDED_AVAILABILITY = YES_AGGRESSIVE;
				CLANG_WARN_UNREACHABLE_CODE = YES;
				CLANG_WARN__DUPLICATE_METHOD_MATCH = YES;
				COPY_PHASE_STRIP = NO;
				DEBUG_INFORMATION_FORMAT = "dwarf-with-dsym";
				ENABLE_NS_ASSERTIONS = NO;
				ENABLE_STRICT_OBJC_MSGSEND = YES;
				GCC_C_LANGUAGE_STANDARD = gnu11;
				GCC_NO_COMMON_BLOCKS = YES;
				GCC_WARN_64_TO_32_BIT_CONVERSION = YES;
				GCC_WARN_ABOUT_RETURN_TYPE = YES_ERROR;
				GCC_WARN_UNDECLARED_SELECTOR = YES;
				GCC_WARN_UNINITIALIZED_AUTOS = YES_AGGRESSIVE;
				GCC_WARN_UNUSED_FUNCTION = YES;
				GCC_WARN_UNUSED_VARIABLE = YES;
				IPHONEOS_DEPLOYMENT_TARGET = 13.5;
				MTL_ENABLE_DEBUG_INFO = NO;
				MTL_FAST_MATH = YES;
				SDKROOT = iphoneos;
				SWIFT_COMPILATION_MODE = wholemodule;
				SWIFT_OPTIMIZATION_LEVEL = "-O";
				VALIDATE_PRODUCT = YES;
			};
			name = Release;
		};
		FA3441F72525E9DB003E7C17 /* Debug */ = {
			isa = XCBuildConfiguration;
			buildSettings = {
				ASSETCATALOG_COMPILER_APPICON_NAME = AppIcon;
				CODE_SIGN_STYLE = Automatic;
				DEVELOPMENT_TEAM = NHB6XUG436;
				INFOPLIST_FILE = TrendingRepos/Info.plist;
				LD_RUNPATH_SEARCH_PATHS = (
					"$(inherited)",
					"@executable_path/Frameworks",
				);
				PRODUCT_BUNDLE_IDENTIFIER = com.ramadan.TrendingRepos;
				PRODUCT_NAME = "$(TARGET_NAME)";
				SWIFT_VERSION = 5.0;
				TARGETED_DEVICE_FAMILY = "1,2";
			};
			name = Debug;
		};
		FA3441F82525E9DB003E7C17 /* Release */ = {
			isa = XCBuildConfiguration;
			buildSettings = {
				ASSETCATALOG_COMPILER_APPICON_NAME = AppIcon;
				CODE_SIGN_STYLE = Automatic;
				DEVELOPMENT_TEAM = NHB6XUG436;
				INFOPLIST_FILE = TrendingRepos/Info.plist;
				LD_RUNPATH_SEARCH_PATHS = (
					"$(inherited)",
					"@executable_path/Frameworks",
				);
				PRODUCT_BUNDLE_IDENTIFIER = com.ramadan.TrendingRepos;
				PRODUCT_NAME = "$(TARGET_NAME)";
				SWIFT_VERSION = 5.0;
				TARGETED_DEVICE_FAMILY = "1,2";
			};
			name = Release;
		};
		FA3441FA2525E9DB003E7C17 /* Debug */ = {
			isa = XCBuildConfiguration;
			buildSettings = {
				ALWAYS_EMBED_SWIFT_STANDARD_LIBRARIES = YES;
				BUNDLE_LOADER = "$(TEST_HOST)";
				CODE_SIGN_STYLE = Automatic;
				DEVELOPMENT_TEAM = NHB6XUG436;
				INFOPLIST_FILE = TrendingReposTests/Info.plist;
				IPHONEOS_DEPLOYMENT_TARGET = 13.5;
				LD_RUNPATH_SEARCH_PATHS = (
					"$(inherited)",
					"@executable_path/Frameworks",
					"@loader_path/Frameworks",
				);
				PRODUCT_BUNDLE_IDENTIFIER = com.ramadan.TrendingReposTests;
				PRODUCT_NAME = "$(TARGET_NAME)";
				SWIFT_VERSION = 5.0;
				TARGETED_DEVICE_FAMILY = "1,2";
				TEST_HOST = "$(BUILT_PRODUCTS_DIR)/TrendingRepos.app/TrendingRepos";
			};
			name = Debug;
		};
		FA3441FB2525E9DB003E7C17 /* Release */ = {
			isa = XCBuildConfiguration;
			buildSettings = {
				ALWAYS_EMBED_SWIFT_STANDARD_LIBRARIES = YES;
				BUNDLE_LOADER = "$(TEST_HOST)";
				CODE_SIGN_STYLE = Automatic;
				DEVELOPMENT_TEAM = NHB6XUG436;
				INFOPLIST_FILE = TrendingReposTests/Info.plist;
				IPHONEOS_DEPLOYMENT_TARGET = 13.5;
				LD_RUNPATH_SEARCH_PATHS = (
					"$(inherited)",
					"@executable_path/Frameworks",
					"@loader_path/Frameworks",
				);
				PRODUCT_BUNDLE_IDENTIFIER = com.ramadan.TrendingReposTests;
				PRODUCT_NAME = "$(TARGET_NAME)";
				SWIFT_VERSION = 5.0;
				TARGETED_DEVICE_FAMILY = "1,2";
				TEST_HOST = "$(BUILT_PRODUCTS_DIR)/TrendingRepos.app/TrendingRepos";
			};
			name = Release;
		};
		FA3441FD2525E9DB003E7C17 /* Debug */ = {
			isa = XCBuildConfiguration;
			buildSettings = {
				ALWAYS_EMBED_SWIFT_STANDARD_LIBRARIES = YES;
				CODE_SIGN_STYLE = Automatic;
				DEVELOPMENT_TEAM = NHB6XUG436;
				INFOPLIST_FILE = TrendingReposUITests/Info.plist;
				LD_RUNPATH_SEARCH_PATHS = (
					"$(inherited)",
					"@executable_path/Frameworks",
					"@loader_path/Frameworks",
				);
				PRODUCT_BUNDLE_IDENTIFIER = com.ramadan.TrendingReposUITests;
				PRODUCT_NAME = "$(TARGET_NAME)";
				SWIFT_VERSION = 5.0;
				TARGETED_DEVICE_FAMILY = "1,2";
				TEST_TARGET_NAME = TrendingRepos;
			};
			name = Debug;
		};
		FA3441FE2525E9DB003E7C17 /* Release */ = {
			isa = XCBuildConfiguration;
			buildSettings = {
				ALWAYS_EMBED_SWIFT_STANDARD_LIBRARIES = YES;
				CODE_SIGN_STYLE = Automatic;
				DEVELOPMENT_TEAM = NHB6XUG436;
				INFOPLIST_FILE = TrendingReposUITests/Info.plist;
				LD_RUNPATH_SEARCH_PATHS = (
					"$(inherited)",
					"@executable_path/Frameworks",
					"@loader_path/Frameworks",
				);
				PRODUCT_BUNDLE_IDENTIFIER = com.ramadan.TrendingReposUITests;
				PRODUCT_NAME = "$(TARGET_NAME)";
				SWIFT_VERSION = 5.0;
				TARGETED_DEVICE_FAMILY = "1,2";
				TEST_TARGET_NAME = TrendingRepos;
			};
			name = Release;
		};
/* End XCBuildConfiguration section */

/* Begin XCConfigurationList section */
		FA3441C42525E9D9003E7C17 /* Build configuration list for PBXProject "TrendingRepos" */ = {
			isa = XCConfigurationList;
			buildConfigurations = (
				FA3441F42525E9DB003E7C17 /* Debug */,
				FA3441F52525E9DB003E7C17 /* Release */,
			);
			defaultConfigurationIsVisible = 0;
			defaultConfigurationName = Release;
		};
		FA3441F62525E9DB003E7C17 /* Build configuration list for PBXNativeTarget "TrendingRepos" */ = {
			isa = XCConfigurationList;
			buildConfigurations = (
				FA3441F72525E9DB003E7C17 /* Debug */,
				FA3441F82525E9DB003E7C17 /* Release */,
			);
			defaultConfigurationIsVisible = 0;
			defaultConfigurationName = Release;
		};
		FA3441F92525E9DB003E7C17 /* Build configuration list for PBXNativeTarget "TrendingReposTests" */ = {
			isa = XCConfigurationList;
			buildConfigurations = (
				FA3441FA2525E9DB003E7C17 /* Debug */,
				FA3441FB2525E9DB003E7C17 /* Release */,
			);
			defaultConfigurationIsVisible = 0;
			defaultConfigurationName = Release;
		};
		FA3441FC2525E9DB003E7C17 /* Build configuration list for PBXNativeTarget "TrendingReposUITests" */ = {
			isa = XCConfigurationList;
			buildConfigurations = (
				FA3441FD2525E9DB003E7C17 /* Debug */,
				FA3441FE2525E9DB003E7C17 /* Release */,
			);
			defaultConfigurationIsVisible = 0;
			defaultConfigurationName = Release;
		};
/* End XCConfigurationList section */

/* Begin XCVersionGroup section */
		FA3441D52525E9D9003E7C17 /* TrendingRepos.xcdatamodeld */ = {
			isa = XCVersionGroup;
			children = (
				FA3441D62525E9D9003E7C17 /* TrendingRepos.xcdatamodel */,
			);
			currentVersion = FA3441D62525E9D9003E7C17 /* TrendingRepos.xcdatamodel */;
			path = TrendingRepos.xcdatamodeld;
			sourceTree = "<group>";
			versionGroupType = wrapper.xcdatamodel;
		};
/* End XCVersionGroup section */
	};
	rootObject = FA3441C12525E9D9003E7C17 /* Project object */;
}
